
Microsoft Visual Studio Solution File, Format Version 12.00
# Visual Studio Version 17
VisualStudioVersion = 17.0.31912.275
MinimumVisualStudioVersion = 10.0.40219.1
Project("{FAE04EC0-301F-11D3-BF4B-00C04F79EFBC}") = "Platinum_portscanner", "Platinum_portscanner.csproj", "{AC8518E5-1981-4C87-9F20-012CB909D730}"
EndProject
Global
	GlobalSection(SolutionConfigurationPlatforms) = preSolution
		Debug|Any CPU = Debug|Any CPU
		Debug|x64 = Debug|x64
		Release|Any CPU = Release|Any CPU
		Release|x64 = Release|x64
	EndGlobalSection
	GlobalSection(ProjectConfigurationPlatforms) = postSolution
		{AC8518E5-1981-4C87-9F20-012CB909D730}.Debug|Any CPU.ActiveCfg = Debug|Any CPU
		{AC8518E5-1981-4C87-9F20-012CB909D730}.Debug|Any CPU.Build.0 = Debug|Any CPU
		{AC8518E5-1981-4C87-9F20-012CB909D730}.Debug|x64.ActiveCfg = Debug|x64
		{AC8518E5-1981-4C87-9F20-012CB909D730}.Debug|x64.Build.0 = Debug|x64
		{AC8518E5-1981-4C87-9F20-012CB909D730}.Release|Any CPU.ActiveCfg = Release|Any CPU
		{AC8518E5-1981-4C87-9F20-012CB909D730}.Release|Any CPU.Build.0 = Release|Any CPU
		{AC8518E5-1981-4C87-9F20-012CB909D730}.Release|x64.ActiveCfg = Release|x64
		{AC8518E5-1981-4C87-9F20-012CB909D730}.Release|x64.Build.0 = Release|x64
	EndGlobalSection
	GlobalSection(SolutionProperties) = preSolution
		HideSolutionNode = FALSE
	EndGlobalSection
	GlobalSection(ExtensibilityGlobals) = postSolution
		SolutionGuid = {C0825CAC-A5D8-4146-ACFF-85D4FEF6EDD5}
	EndGlobalSection
EndGlobal
